
Microsoft Visual Studio Solution File, Format Version 12.00
# Visual Studio Version 17
VisualStudioVersion = 17.14.36511.14 d17.14
MinimumVisualStudioVersion = 10.0.40219.1
Project("{FAE04EC0-301F-11D3-BF4B-00C04F79EFBC}") = "BinaryTreeElectricID", "BinaryTreeElectricID.csproj", "{29ED8676-4E09-D3BF-377B-9CE240FB294C}"
EndProject
Global
	GlobalSection(SolutionConfigurationPlatforms) = preSolution
		Debug|Any CPU = Debug|Any CPU
		Release|Any CPU = Release|Any CPU
	EndGlobalSection
	GlobalSection(ProjectConfigurationPlatforms) = postSolution
		{29ED8676-4E09-D3BF-377B-9CE240FB294C}.Debug|Any CPU.ActiveCfg = Debug|Any CPU
		{29ED8676-4E09-D3BF-377B-9CE240FB294C}.Debug|Any CPU.Build.0 = Debug|Any CPU
		{29ED8676-4E09-D3BF-377B-9CE240FB294C}.Release|Any CPU.ActiveCfg = Release|Any CPU
		{29ED8676-4E09-D3BF-377B-9CE240FB294C}.Release|Any CPU.Build.0 = Release|Any CPU
	EndGlobalSection
	GlobalSection(SolutionProperties) = preSolution
		HideSolutionNode = FALSE
	EndGlobalSection
	GlobalSection(ExtensibilityGlobals) = postSolution
		SolutionGuid = {4A697D9A-F233-4993-99AE-F13F40B73582}
	EndGlobalSection
EndGlobal
